
Microsoft Visual Studio Solution File, Format Version 12.00
# Visual Studio 2012
Project("{8BC9CEB8-8B4A-11D0-8D11-00A0C91BC942}") = "DcmPixelDataTest", "DcmPixelDataTest\DcmPixelDataTest.vcxproj", "{F0BF73D9-7867-468B-B581-AE5DA54CB6A2}"
EndProject
Global
	GlobalSection(SolutionConfigurationPlatforms) = preSolution
		Debug|Win32 = Debug|Win32
		Release|Win32 = Release|Win32
	EndGlobalSection
	GlobalSection(ProjectConfigurationPlatforms) = postSolution
		{F0BF73D9-7867-468B-B581-AE5DA54CB6A2}.Debug|Win32.ActiveCfg = Debug|Win32
		{F0BF73D9-7867-468B-B581-AE5DA54CB6A2}.Debug|Win32.Build.0 = Debug|Win32
		{F0BF73D9-7867-468B-B581-AE5DA54CB6A2}.Release|Win32.ActiveCfg = Release|Win32
		{F0BF73D9-7867-468B-B581-AE5DA54CB6A2}.Release|Win32.Build.0 = Release|Win32
	EndGlobalSection
	GlobalSection(SolutionProperties) = preSolution
		HideSolutionNode = FALSE
	EndGlobalSection
EndGlobal
