
Microsoft Visual Studio Solution File, Format Version 12.00
# Visual Studio 2012
Project("{8BC9CEB8-8B4A-11D0-8D11-00A0C91BC942}") = "C-STORETest", "C-STORETest\C-STORETest.vcxproj", "{DB53FD38-E4EB-4910-A3A8-FF1BC210047D}"
EndProject
Global
	GlobalSection(SolutionConfigurationPlatforms) = preSolution
		Debug|Win32 = Debug|Win32
		Release|Win32 = Release|Win32
	EndGlobalSection
	GlobalSection(ProjectConfigurationPlatforms) = postSolution
		{DB53FD38-E4EB-4910-A3A8-FF1BC210047D}.Debug|Win32.ActiveCfg = Debug|Win32
		{DB53FD38-E4EB-4910-A3A8-FF1BC210047D}.Debug|Win32.Build.0 = Debug|Win32
		{DB53FD38-E4EB-4910-A3A8-FF1BC210047D}.Release|Win32.ActiveCfg = Release|Win32
		{DB53FD38-E4EB-4910-A3A8-FF1BC210047D}.Release|Win32.Build.0 = Release|Win32
	EndGlobalSection
	GlobalSection(SolutionProperties) = preSolution
		HideSolutionNode = FALSE
	EndGlobalSection
EndGlobal
