
Microsoft Visual Studio Solution File, Format Version 12.00
# Visual Studio 2012
Project("{FAE04EC0-301F-11D3-BF4B-00C04F79EFBC}") = "CFINDScu", "CFINDScu\CFINDScu.csproj", "{5B6B63FC-3C50-4459-BC4E-28A993982190}"
EndProject
Project("{FAE04EC0-301F-11D3-BF4B-00C04F79EFBC}") = "CFINDScp", "CFINDScp\CFINDScp.csproj", "{E8926F3B-1103-4A61-A69B-46E749C69916}"
EndProject
Global
	GlobalSection(SolutionConfigurationPlatforms) = preSolution
		Debug|Any CPU = Debug|Any CPU
		Release|Any CPU = Release|Any CPU
	EndGlobalSection
	GlobalSection(ProjectConfigurationPlatforms) = postSolution
		{5B6B63FC-3C50-4459-BC4E-28A993982190}.Debug|Any CPU.ActiveCfg = Debug|Any CPU
		{5B6B63FC-3C50-4459-BC4E-28A993982190}.Debug|Any CPU.Build.0 = Debug|Any CPU
		{5B6B63FC-3C50-4459-BC4E-28A993982190}.Release|Any CPU.ActiveCfg = Release|Any CPU
		{5B6B63FC-3C50-4459-BC4E-28A993982190}.Release|Any CPU.Build.0 = Release|Any CPU
		{E8926F3B-1103-4A61-A69B-46E749C69916}.Debug|Any CPU.ActiveCfg = Debug|Any CPU
		{E8926F3B-1103-4A61-A69B-46E749C69916}.Debug|Any CPU.Build.0 = Debug|Any CPU
		{E8926F3B-1103-4A61-A69B-46E749C69916}.Release|Any CPU.ActiveCfg = Release|Any CPU
		{E8926F3B-1103-4A61-A69B-46E749C69916}.Release|Any CPU.Build.0 = Release|Any CPU
	EndGlobalSection
	GlobalSection(SolutionProperties) = preSolution
		HideSolutionNode = FALSE
	EndGlobalSection
EndGlobal
